
Microsoft Visual Studio Solution File, Format Version 12.00
# Visual Studio 14
VisualStudioVersion = 14.0.25123.0
MinimumVisualStudioVersion = 10.0.40219.1
Project("{FAE04EC0-301F-11D3-BF4B-00C04F79EFBC}") = "ODB2open.Droid", "ODB2open\ODB2open.Droid\ODB2open.Droid.csproj", "{B5DBC7E1-B1EC-4DB5-902D-165D81FC8707}"
EndProject
Project("{FAE04EC0-301F-11D3-BF4B-00C04F79EFBC}") = "ODB2open.iOS", "ODB2open\ODB2open.iOS\ODB2open.iOS.csproj", "{C9990EDA-4B62-421B-B89D-C604A2D4548D}"
EndProject
Project("{FAE04EC0-301F-11D3-BF4B-00C04F79EFBC}") = "ODB2open", "ODB2open\ODB2open\ODB2open.csproj", "{3F4C5951-D45B-4A17-BF77-7145DB753A0D}"
EndProject
Project("{2150E333-8FDC-42A3-9474-1A3956D46DE8}") = "Utils", "Utils", "{96839099-3EDB-4DC3-BF9D-7247F88B5605}"
EndProject
Project("{FAE04EC0-301F-11D3-BF4B-00C04F79EFBC}") = "ObdLibAndroid", "ODB2open\OBDLibrary\ObdLibAndroid\ObdLibAndroid.csproj", "{9A377DF7-3E28-4B4B-8BD2-61416F7AEA1F}"
EndProject
Project("{FAE04EC0-301F-11D3-BF4B-00C04F79EFBC}") = "ObdLibiOS", "ODB2open\OBDLibrary\ObdLibiOS\ObdLibiOS.csproj", "{8B136D60-8E68-4871-BF25-52E27C61E8E9}"
EndProject
Project("{FAE04EC0-301F-11D3-BF4B-00C04F79EFBC}") = "ObdLibUWP", "ODB2open\OBDLibrary\ObdLibUWP\ObdLibUWP.csproj", "{812692D4-C638-4FD1-AEA7-407824B134A6}"
EndProject
Project("{FAE04EC0-301F-11D3-BF4B-00C04F79EFBC}") = "ObdShare", "ODB2open\OBDLibrary\ObdShare\ObdShare.csproj", "{7A88DA9B-A374-4DE2-B46E-ED2C45434508}"
EndProject
Project("{FAE04EC0-301F-11D3-BF4B-00C04F79EFBC}") = "ODB2open.UW", "ODB2open\ODB2open.UW\ODB2open.UW.csproj", "{DFDCE918-93B5-4FF5-B7D0-2F1C4BAAE4EB}"
EndProject
Global
	GlobalSection(SolutionConfigurationPlatforms) = preSolution
		AppStore|Any CPU = AppStore|Any CPU
		AppStore|ARM = AppStore|ARM
		AppStore|iPhone = AppStore|iPhone
		AppStore|iPhoneSimulator = AppStore|iPhoneSimulator
		AppStore|x64 = AppStore|x64
		AppStore|x86 = AppStore|x86
		Debug|Any CPU = Debug|Any CPU
		Debug|ARM = Debug|ARM
		Debug|iPhone = Debug|iPhone
		Debug|iPhoneSimulator = Debug|iPhoneSimulator
		Debug|x64 = Debug|x64
		Debug|x86 = Debug|x86
		Release|Any CPU = Release|Any CPU
		Release|ARM = Release|ARM
		Release|iPhone = Release|iPhone
		Release|iPhoneSimulator = Release|iPhoneSimulator
		Release|x64 = Release|x64
		Release|x86 = Release|x86
		XTC|Any CPU = XTC|Any CPU
		XTC|ARM = XTC|ARM
		XTC|iPhone = XTC|iPhone
		XTC|iPhoneSimulator = XTC|iPhoneSimulator
		XTC|x64 = XTC|x64
		XTC|x86 = XTC|x86
	EndGlobalSection
	GlobalSection(ProjectConfigurationPlatforms) = postSolution
		{B5DBC7E1-B1EC-4DB5-902D-165D81FC8707}.AppStore|Any CPU.ActiveCfg = Release|Any CPU
		{B5DBC7E1-B1EC-4DB5-902D-165D81FC8707}.AppStore|Any CPU.Build.0 = Release|Any CPU
		{B5DBC7E1-B1EC-4DB5-902D-165D81FC8707}.AppStore|Any CPU.Deploy.0 = Release|Any CPU
		{B5DBC7E1-B1EC-4DB5-902D-165D81FC8707}.AppStore|ARM.ActiveCfg = Release|Any CPU
		{B5DBC7E1-B1EC-4DB5-902D-165D81FC8707}.AppStore|ARM.Build.0 = Release|Any CPU
		{B5DBC7E1-B1EC-4DB5-902D-165D81FC8707}.AppStore|ARM.Deploy.0 = Release|Any CPU
		{B5DBC7E1-B1EC-4DB5-902D-165D81FC8707}.AppStore|iPhone.ActiveCfg = Release|Any CPU
		{B5DBC7E1-B1EC-4DB5-902D-165D81FC8707}.AppStore|iPhone.Build.0 = Release|Any CPU
		{B5DBC7E1-B1EC-4DB5-902D-165D81FC8707}.AppStore|iPhone.Deploy.0 = Release|Any CPU
		{B5DBC7E1-B1EC-4DB5-902D-165D81FC8707}.AppStore|iPhoneSimulator.ActiveCfg = Release|Any CPU
		{B5DBC7E1-B1EC-4DB5-902D-165D81FC8707}.AppStore|iPhoneSimulator.Build.0 = Release|Any CPU
		{B5DBC7E1-B1EC-4DB5-902D-165D81FC8707}.AppStore|iPhoneSimulator.Deploy.0 = Release|Any CPU
		{B5DBC7E1-B1EC-4DB5-902D-165D81FC8707}.AppStore|x64.ActiveCfg = Release|Any CPU
		{B5DBC7E1-B1EC-4DB5-902D-165D81FC8707}.AppStore|x64.Build.0 = Release|Any CPU
		{B5DBC7E1-B1EC-4DB5-902D-165D81FC8707}.AppStore|x64.Deploy.0 = Release|Any CPU
		{B5DBC7E1-B1EC-4DB5-902D-165D81FC8707}.AppStore|x86.ActiveCfg = Release|Any CPU
		{B5DBC7E1-B1EC-4DB5-902D-165D81FC8707}.AppStore|x86.Build.0 = Release|Any CPU
		{B5DBC7E1-B1EC-4DB5-902D-165D81FC8707}.AppStore|x86.Deploy.0 = Release|Any CPU
		{B5DBC7E1-B1EC-4DB5-902D-165D81FC8707}.Debug|Any CPU.ActiveCfg = Debug|Any CPU
		{B5DBC7E1-B1EC-4DB5-902D-165D81FC8707}.Debug|Any CPU.Build.0 = Debug|Any CPU
		{B5DBC7E1-B1EC-4DB5-902D-165D81FC8707}.Debug|Any CPU.Deploy.0 = Debug|Any CPU
		{B5DBC7E1-B1EC-4DB5-902D-165D81FC8707}.Debug|ARM.ActiveCfg = Debug|Any CPU
		{B5DBC7E1-B1EC-4DB5-902D-165D81FC8707}.Debug|ARM.Build.0 = Debug|Any CPU
		{B5DBC7E1-B1EC-4DB5-902D-165D81FC8707}.Debug|ARM.Deploy.0 = Debug|Any CPU
		{B5DBC7E1-B1EC-4DB5-902D-165D81FC8707}.Debug|iPhone.ActiveCfg = Debug|Any CPU
		{B5DBC7E1-B1EC-4DB5-902D-165D81FC8707}.Debug|iPhone.Build.0 = Debug|Any CPU
		{B5DBC7E1-B1EC-4DB5-902D-165D81FC8707}.Debug|iPhone.Deploy.0 = Debug|Any CPU
		{B5DBC7E1-B1EC-4DB5-902D-165D81FC8707}.Debug|iPhoneSimulator.ActiveCfg = Debug|Any CPU
		{B5DBC7E1-B1EC-4DB5-902D-165D81FC8707}.Debug|iPhoneSimulator.Build.0 = Debug|Any CPU
		{B5DBC7E1-B1EC-4DB5-902D-165D81FC8707}.Debug|iPhoneSimulator.Deploy.0 = Debug|Any CPU
		{B5DBC7E1-B1EC-4DB5-902D-165D81FC8707}.Debug|x64.ActiveCfg = Debug|Any CPU
		{B5DBC7E1-B1EC-4DB5-902D-165D81FC8707}.Debug|x64.Build.0 = Debug|Any CPU
		{B5DBC7E1-B1EC-4DB5-902D-165D81FC8707}.Debug|x64.Deploy.0 = Debug|Any CPU
		{B5DBC7E1-B1EC-4DB5-902D-165D81FC8707}.Debug|x86.ActiveCfg = Debug|Any CPU
		{B5DBC7E1-B1EC-4DB5-902D-165D81FC8707}.Debug|x86.Build.0 = Debug|Any CPU
		{B5DBC7E1-B1EC-4DB5-902D-165D81FC8707}.Debug|x86.Deploy.0 = Debug|Any CPU
		{B5DBC7E1-B1EC-4DB5-902D-165D81FC8707}.Release|Any CPU.ActiveCfg = Release|Any CPU
		{B5DBC7E1-B1EC-4DB5-902D-165D81FC8707}.Release|Any CPU.Build.0 = Release|Any CPU
		{B5DBC7E1-B1EC-4DB5-902D-165D81FC8707}.Release|Any CPU.Deploy.0 = Release|Any CPU
		{B5DBC7E1-B1EC-4DB5-902D-165D81FC8707}.Release|ARM.ActiveCfg = Release|Any CPU
		{B5DBC7E1-B1EC-4DB5-902D-165D81FC8707}.Release|ARM.Build.0 = Release|Any CPU
		{B5DBC7E1-B1EC-4DB5-902D-165D81FC8707}.Release|ARM.Deploy.0 = Release|Any CPU
		{B5DBC7E1-B1EC-4DB5-902D-165D81FC8707}.Release|iPhone.ActiveCfg = Release|Any CPU
		{B5DBC7E1-B1EC-4DB5-902D-165D81FC8707}.Release|iPhone.Build.0 = Release|Any CPU
		{B5DBC7E1-B1EC-4DB5-902D-165D81FC8707}.Release|iPhone.Deploy.0 = Release|Any CPU
		{B5DBC7E1-B1EC-4DB5-902D-165D81FC8707}.Release|iPhoneSimulator.ActiveCfg = Release|Any CPU
		{B5DBC7E1-B1EC-4DB5-902D-165D81FC8707}.Release|iPhoneSimulator.Build.0 = Release|Any CPU
		{B5DBC7E1-B1EC-4DB5-902D-165D81FC8707}.Release|iPhoneSimulator.Deploy.0 = Release|Any CPU
		{B5DBC7E1-B1EC-4DB5-902D-165D81FC8707}.Release|x64.ActiveCfg = Release|Any CPU
		{B5DBC7E1-B1EC-4DB5-902D-165D81FC8707}.Release|x64.Build.0 = Release|Any CPU
		{B5DBC7E1-B1EC-4DB5-902D-165D81FC8707}.Release|x64.Deploy.0 = Release|Any CPU
		{B5DBC7E1-B1EC-4DB5-902D-165D81FC8707}.Release|x86.ActiveCfg = Release|Any CPU
		{B5DBC7E1-B1EC-4DB5-902D-165D81FC8707}.Release|x86.Build.0 = Release|Any CPU
		{B5DBC7E1-B1EC-4DB5-902D-165D81FC8707}.Release|x86.Deploy.0 = Release|Any CPU
		{B5DBC7E1-B1EC-4DB5-902D-165D81FC8707}.XTC|Any CPU.ActiveCfg = Release|Any CPU
		{B5DBC7E1-B1EC-4DB5-902D-165D81FC8707}.XTC|Any CPU.Build.0 = Release|Any CPU
		{B5DBC7E1-B1EC-4DB5-902D-165D81FC8707}.XTC|Any CPU.Deploy.0 = Release|Any CPU
		{B5DBC7E1-B1EC-4DB5-902D-165D81FC8707}.XTC|ARM.ActiveCfg = Release|Any CPU
		{B5DBC7E1-B1EC-4DB5-902D-165D81FC8707}.XTC|ARM.Build.0 = Release|Any CPU
		{B5DBC7E1-B1EC-4DB5-902D-165D81FC8707}.XTC|ARM.Deploy.0 = Release|Any CPU
		{B5DBC7E1-B1EC-4DB5-902D-165D81FC8707}.XTC|iPhone.ActiveCfg = Release|Any CPU
		{B5DBC7E1-B1EC-4DB5-902D-165D81FC8707}.XTC|iPhone.Build.0 = Release|Any CPU
		{B5DBC7E1-B1EC-4DB5-902D-165D81FC8707}.XTC|iPhone.Deploy.0 = Release|Any CPU
		{B5DBC7E1-B1EC-4DB5-902D-165D81FC8707}.XTC|iPhoneSimulator.ActiveCfg = Release|Any CPU
		{B5DBC7E1-B1EC-4DB5-902D-165D81FC8707}.XTC|iPhoneSimulator.Build.0 = Release|Any CPU
		{B5DBC7E1-B1EC-4DB5-902D-165D81FC8707}.XTC|iPhoneSimulator.Deploy.0 = Release|Any CPU
		{B5DBC7E1-B1EC-4DB5-902D-165D81FC8707}.XTC|x64.ActiveCfg = Release|Any CPU
		{B5DBC7E1-B1EC-4DB5-902D-165D81FC8707}.XTC|x64.Build.0 = Release|Any CPU
		{B5DBC7E1-B1EC-4DB5-902D-165D81FC8707}.XTC|x64.Deploy.0 = Release|Any CPU
		{B5DBC7E1-B1EC-4DB5-902D-165D81FC8707}.XTC|x86.ActiveCfg = Release|Any CPU
		{B5DBC7E1-B1EC-4DB5-902D-165D81FC8707}.XTC|x86.Build.0 = Release|Any CPU
		{B5DBC7E1-B1EC-4DB5-902D-165D81FC8707}.XTC|x86.Deploy.0 = Release|Any CPU
		{C9990EDA-4B62-421B-B89D-C604A2D4548D}.AppStore|Any CPU.ActiveCfg = AppStore|iPhone
		{C9990EDA-4B62-421B-B89D-C604A2D4548D}.AppStore|ARM.ActiveCfg = AppStore|iPhone
		{C9990EDA-4B62-421B-B89D-C604A2D4548D}.AppStore|iPhone.ActiveCfg = AppStore|iPhone
		{C9990EDA-4B62-421B-B89D-C604A2D4548D}.AppStore|iPhone.Build.0 = AppStore|iPhone
		{C9990EDA-4B62-421B-B89D-C604A2D4548D}.AppStore|iPhoneSimulator.ActiveCfg = AppStore|iPhoneSimulator
		{C9990EDA-4B62-421B-B89D-C604A2D4548D}.AppStore|iPhoneSimulator.Build.0 = AppStore|iPhoneSimulator
		{C9990EDA-4B62-421B-B89D-C604A2D4548D}.AppStore|x64.ActiveCfg = AppStore|iPhone
		{C9990EDA-4B62-421B-B89D-C604A2D4548D}.AppStore|x86.ActiveCfg = AppStore|iPhone
		{C9990EDA-4B62-421B-B89D-C604A2D4548D}.Debug|Any CPU.ActiveCfg = Debug|iPhone
		{C9990EDA-4B62-421B-B89D-C604A2D4548D}.Debug|ARM.ActiveCfg = Debug|iPhone
		{C9990EDA-4B62-421B-B89D-C604A2D4548D}.Debug|iPhone.ActiveCfg = Debug|iPhone
		{C9990EDA-4B62-421B-B89D-C604A2D4548D}.Debug|iPhone.Build.0 = Debug|iPhone
		{C9990EDA-4B62-421B-B89D-C604A2D4548D}.Debug|iPhoneSimulator.ActiveCfg = Debug|iPhoneSimulator
		{C9990EDA-4B62-421B-B89D-C604A2D4548D}.Debug|iPhoneSimulator.Build.0 = Debug|iPhoneSimulator
		{C9990EDA-4B62-421B-B89D-C604A2D4548D}.Debug|x64.ActiveCfg = Debug|iPhone
		{C9990EDA-4B62-421B-B89D-C604A2D4548D}.Debug|x86.ActiveCfg = Debug|iPhone
		{C9990EDA-4B62-421B-B89D-C604A2D4548D}.Release|Any CPU.ActiveCfg = Release|iPhone
		{C9990EDA-4B62-421B-B89D-C604A2D4548D}.Release|ARM.ActiveCfg = Release|iPhone
		{C9990EDA-4B62-421B-B89D-C604A2D4548D}.Release|iPhone.ActiveCfg = Release|iPhone
		{C9990EDA-4B62-421B-B89D-C604A2D4548D}.Release|iPhone.Build.0 = Release|iPhone
		{C9990EDA-4B62-421B-B89D-C604A2D4548D}.Release|iPhoneSimulator.ActiveCfg = Release|iPhoneSimulator
		{C9990EDA-4B62-421B-B89D-C604A2D4548D}.Release|iPhoneSimulator.Build.0 = Release|iPhoneSimulator
		{C9990EDA-4B62-421B-B89D-C604A2D4548D}.Release|x64.ActiveCfg = Release|iPhone
		{C9990EDA-4B62-421B-B89D-C604A2D4548D}.Release|x86.ActiveCfg = Release|iPhone
		{C9990EDA-4B62-421B-B89D-C604A2D4548D}.XTC|Any CPU.ActiveCfg = AppStore|iPhone
		{C9990EDA-4B62-421B-B89D-C604A2D4548D}.XTC|Any CPU.Build.0 = AppStore|iPhone
		{C9990EDA-4B62-421B-B89D-C604A2D4548D}.XTC|ARM.ActiveCfg = AppStore|iPhone
		{C9990EDA-4B62-421B-B89D-C604A2D4548D}.XTC|ARM.Build.0 = AppStore|iPhone
		{C9990EDA-4B62-421B-B89D-C604A2D4548D}.XTC|iPhone.ActiveCfg = AppStore|iPhone
		{C9990EDA-4B62-421B-B89D-C604A2D4548D}.XTC|iPhone.Build.0 = AppStore|iPhone
		{C9990EDA-4B62-421B-B89D-C604A2D4548D}.XTC|iPhoneSimulator.ActiveCfg = AppStore|iPhoneSimulator
		{C9990EDA-4B62-421B-B89D-C604A2D4548D}.XTC|iPhoneSimulator.Build.0 = AppStore|iPhoneSimulator
		{C9990EDA-4B62-421B-B89D-C604A2D4548D}.XTC|x64.ActiveCfg = AppStore|iPhone
		{C9990EDA-4B62-421B-B89D-C604A2D4548D}.XTC|x64.Build.0 = AppStore|iPhone
		{C9990EDA-4B62-421B-B89D-C604A2D4548D}.XTC|x86.ActiveCfg = AppStore|iPhone
		{C9990EDA-4B62-421B-B89D-C604A2D4548D}.XTC|x86.Build.0 = AppStore|iPhone
		{3F4C5951-D45B-4A17-BF77-7145DB753A0D}.AppStore|Any CPU.ActiveCfg = Release|Any CPU
		{3F4C5951-D45B-4A17-BF77-7145DB753A0D}.AppStore|Any CPU.Build.0 = Release|Any CPU
		{3F4C5951-D45B-4A17-BF77-7145DB753A0D}.AppStore|ARM.ActiveCfg = Release|Any CPU
		{3F4C5951-D45B-4A17-BF77-7145DB753A0D}.AppStore|ARM.Build.0 = Release|Any CPU
		{3F4C5951-D45B-4A17-BF77-7145DB753A0D}.AppStore|iPhone.ActiveCfg = Release|Any CPU
		{3F4C5951-D45B-4A17-BF77-7145DB753A0D}.AppStore|iPhone.Build.0 = Release|Any CPU
		{3F4C5951-D45B-4A17-BF77-7145DB753A0D}.AppStore|iPhoneSimulator.ActiveCfg = Release|Any CPU
		{3F4C5951-D45B-4A17-BF77-7145DB753A0D}.AppStore|iPhoneSimulator.Build.0 = Release|Any CPU
		{3F4C5951-D45B-4A17-BF77-7145DB753A0D}.AppStore|x64.ActiveCfg = Release|Any CPU
		{3F4C5951-D45B-4A17-BF77-7145DB753A0D}.AppStore|x64.Build.0 = Release|Any CPU
		{3F4C5951-D45B-4A17-BF77-7145DB753A0D}.AppStore|x86.ActiveCfg = Release|Any CPU
		{3F4C5951-D45B-4A17-BF77-7145DB753A0D}.AppStore|x86.Build.0 = Release|Any CPU
		{3F4C5951-D45B-4A17-BF77-7145DB753A0D}.Debug|Any CPU.ActiveCfg = Debug|Any CPU
		{3F4C5951-D45B-4A17-BF77-7145DB753A0D}.Debug|Any CPU.Build.0 = Debug|Any CPU
		{3F4C5951-D45B-4A17-BF77-7145DB753A0D}.Debug|ARM.ActiveCfg = Debug|Any CPU
		{3F4C5951-D45B-4A17-BF77-7145DB753A0D}.Debug|ARM.Build.0 = Debug|Any CPU
		{3F4C5951-D45B-4A17-BF77-7145DB753A0D}.Debug|iPhone.ActiveCfg = Debug|Any CPU
		{3F4C5951-D45B-4A17-BF77-7145DB753A0D}.Debug|iPhone.Build.0 = Debug|Any CPU
		{3F4C5951-D45B-4A17-BF77-7145DB753A0D}.Debug|iPhoneSimulator.ActiveCfg = Debug|Any CPU
		{3F4C5951-D45B-4A17-BF77-7145DB753A0D}.Debug|iPhoneSimulator.Build.0 = Debug|Any CPU
		{3F4C5951-D45B-4A17-BF77-7145DB753A0D}.Debug|x64.ActiveCfg = Debug|Any CPU
		{3F4C5951-D45B-4A17-BF77-7145DB753A0D}.Debug|x64.Build.0 = Debug|Any CPU
		{3F4C5951-D45B-4A17-BF77-7145DB753A0D}.Debug|x86.ActiveCfg = Debug|Any CPU
		{3F4C5951-D45B-4A17-BF77-7145DB753A0D}.Debug|x86.Build.0 = Debug|Any CPU
		{3F4C5951-D45B-4A17-BF77-7145DB753A0D}.Release|Any CPU.ActiveCfg = Release|Any CPU
		{3F4C5951-D45B-4A17-BF77-7145DB753A0D}.Release|Any CPU.Build.0 = Release|Any CPU
		{3F4C5951-D45B-4A17-BF77-7145DB753A0D}.Release|ARM.ActiveCfg = Release|Any CPU
		{3F4C5951-D45B-4A17-BF77-7145DB753A0D}.Release|ARM.Build.0 = Release|Any CPU
		{3F4C5951-D45B-4A17-BF77-7145DB753A0D}.Release|iPhone.ActiveCfg = Release|Any CPU
		{3F4C5951-D45B-4A17-BF77-7145DB753A0D}.Release|iPhone.Build.0 = Release|Any CPU
		{3F4C5951-D45B-4A17-BF77-7145DB753A0D}.Release|iPhoneSimulator.ActiveCfg = Release|Any CPU
		{3F4C5951-D45B-4A17-BF77-7145DB753A0D}.Release|iPhoneSimulator.Build.0 = Release|Any CPU
		{3F4C5951-D45B-4A17-BF77-7145DB753A0D}.Release|x64.ActiveCfg = Release|Any CPU
		{3F4C5951-D45B-4A17-BF77-7145DB753A0D}.Release|x64.Build.0 = Release|Any CPU
		{3F4C5951-D45B-4A17-BF77-7145DB753A0D}.Release|x86.ActiveCfg = Release|Any CPU
		{3F4C5951-D45B-4A17-BF77-7145DB753A0D}.Release|x86.Build.0 = Release|Any CPU
		{3F4C5951-D45B-4A17-BF77-7145DB753A0D}.XTC|Any CPU.ActiveCfg = Release|Any CPU
		{3F4C5951-D45B-4A17-BF77-7145DB753A0D}.XTC|Any CPU.Build.0 = Release|Any CPU
		{3F4C5951-D45B-4A17-BF77-7145DB753A0D}.XTC|ARM.ActiveCfg = Release|Any CPU
		{3F4C5951-D45B-4A17-BF77-7145DB753A0D}.XTC|ARM.Build.0 = Release|Any CPU
		{3F4C5951-D45B-4A17-BF77-7145DB753A0D}.XTC|iPhone.ActiveCfg = Release|Any CPU
		{3F4C5951-D45B-4A17-BF77-7145DB753A0D}.XTC|iPhone.Build.0 = Release|Any CPU
		{3F4C5951-D45B-4A17-BF77-7145DB753A0D}.XTC|iPhoneSimulator.ActiveCfg = Release|Any CPU
		{3F4C5951-D45B-4A17-BF77-7145DB753A0D}.XTC|iPhoneSimulator.Build.0 = Release|Any CPU
		{3F4C5951-D45B-4A17-BF77-7145DB753A0D}.XTC|x64.ActiveCfg = Release|Any CPU
		{3F4C5951-D45B-4A17-BF77-7145DB753A0D}.XTC|x64.Build.0 = Release|Any CPU
		{3F4C5951-D45B-4A17-BF77-7145DB753A0D}.XTC|x86.ActiveCfg = Release|Any CPU
		{3F4C5951-D45B-4A17-BF77-7145DB753A0D}.XTC|x86.Build.0 = Release|Any CPU
		{9A377DF7-3E28-4B4B-8BD2-61416F7AEA1F}.AppStore|Any CPU.ActiveCfg = Release|Any CPU
		{9A377DF7-3E28-4B4B-8BD2-61416F7AEA1F}.AppStore|Any CPU.Build.0 = Release|Any CPU
		{9A377DF7-3E28-4B4B-8BD2-61416F7AEA1F}.AppStore|ARM.ActiveCfg = Release|Any CPU
		{9A377DF7-3E28-4B4B-8BD2-61416F7AEA1F}.AppStore|ARM.Build.0 = Release|Any CPU
		{9A377DF7-3E28-4B4B-8BD2-61416F7AEA1F}.AppStore|iPhone.ActiveCfg = Release|Any CPU
		{9A377DF7-3E28-4B4B-8BD2-61416F7AEA1F}.AppStore|iPhone.Build.0 = Release|Any CPU
		{9A377DF7-3E28-4B4B-8BD2-61416F7AEA1F}.AppStore|iPhoneSimulator.ActiveCfg = Release|Any CPU
		{9A377DF7-3E28-4B4B-8BD2-61416F7AEA1F}.AppStore|iPhoneSimulator.Build.0 = Release|Any CPU
		{9A377DF7-3E28-4B4B-8BD2-61416F7AEA1F}.AppStore|x64.ActiveCfg = Release|Any CPU
		{9A377DF7-3E28-4B4B-8BD2-61416F7AEA1F}.AppStore|x64.Build.0 = Release|Any CPU
		{9A377DF7-3E28-4B4B-8BD2-61416F7AEA1F}.AppStore|x86.ActiveCfg = Release|Any CPU
		{9A377DF7-3E28-4B4B-8BD2-61416F7AEA1F}.AppStore|x86.Build.0 = Release|Any CPU
		{9A377DF7-3E28-4B4B-8BD2-61416F7AEA1F}.Debug|Any CPU.ActiveCfg = Debug|Any CPU
		{9A377DF7-3E28-4B4B-8BD2-61416F7AEA1F}.Debug|Any CPU.Build.0 = Debug|Any CPU
		{9A377DF7-3E28-4B4B-8BD2-61416F7AEA1F}.Debug|ARM.ActiveCfg = Debug|Any CPU
		{9A377DF7-3E28-4B4B-8BD2-61416F7AEA1F}.Debug|ARM.Build.0 = Debug|Any CPU
		{9A377DF7-3E28-4B4B-8BD2-61416F7AEA1F}.Debug|iPhone.ActiveCfg = Debug|Any CPU
		{9A377DF7-3E28-4B4B-8BD2-61416F7AEA1F}.Debug|iPhone.Build.0 = Debug|Any CPU
		{9A377DF7-3E28-4B4B-8BD2-61416F7AEA1F}.Debug|iPhoneSimulator.ActiveCfg = Debug|Any CPU
		{9A377DF7-3E28-4B4B-8BD2-61416F7AEA1F}.Debug|iPhoneSimulator.Build.0 = Debug|Any CPU
		{9A377DF7-3E28-4B4B-8BD2-61416F7AEA1F}.Debug|x64.ActiveCfg = Debug|Any CPU
		{9A377DF7-3E28-4B4B-8BD2-61416F7AEA1F}.Debug|x64.Build.0 = Debug|Any CPU
		{9A377DF7-3E28-4B4B-8BD2-61416F7AEA1F}.Debug|x86.ActiveCfg = Debug|Any CPU
		{9A377DF7-3E28-4B4B-8BD2-61416F7AEA1F}.Debug|x86.Build.0 = Debug|Any CPU
		{9A377DF7-3E28-4B4B-8BD2-61416F7AEA1F}.Release|Any CPU.ActiveCfg = Release|Any CPU
		{9A377DF7-3E28-4B4B-8BD2-61416F7AEA1F}.Release|Any CPU.Build.0 = Release|Any CPU
		{9A377DF7-3E28-4B4B-8BD2-61416F7AEA1F}.Release|ARM.ActiveCfg = Release|Any CPU
		{9A377DF7-3E28-4B4B-8BD2-61416F7AEA1F}.Release|ARM.Build.0 = Release|Any CPU
		{9A377DF7-3E28-4B4B-8BD2-61416F7AEA1F}.Release|iPhone.ActiveCfg = Release|Any CPU
		{9A377DF7-3E28-4B4B-8BD2-61416F7AEA1F}.Release|iPhone.Build.0 = Release|Any CPU
		{9A377DF7-3E28-4B4B-8BD2-61416F7AEA1F}.Release|iPhoneSimulator.ActiveCfg = Release|Any CPU
		{9A377DF7-3E28-4B4B-8BD2-61416F7AEA1F}.Release|iPhoneSimulator.Build.0 = Release|Any CPU
		{9A377DF7-3E28-4B4B-8BD2-61416F7AEA1F}.Release|x64.ActiveCfg = Release|Any CPU
		{9A377DF7-3E28-4B4B-8BD2-61416F7AEA1F}.Release|x64.Build.0 = Release|Any CPU
		{9A377DF7-3E28-4B4B-8BD2-61416F7AEA1F}.Release|x86.ActiveCfg = Release|Any CPU
		{9A377DF7-3E28-4B4B-8BD2-61416F7AEA1F}.Release|x86.Build.0 = Release|Any CPU
		{9A377DF7-3E28-4B4B-8BD2-61416F7AEA1F}.XTC|Any CPU.ActiveCfg = Release|Any CPU
		{9A377DF7-3E28-4B4B-8BD2-61416F7AEA1F}.XTC|Any CPU.Build.0 = Release|Any CPU
		{9A377DF7-3E28-4B4B-8BD2-61416F7AEA1F}.XTC|ARM.ActiveCfg = Release|Any CPU
		{9A377DF7-3E28-4B4B-8BD2-61416F7AEA1F}.XTC|ARM.Build.0 = Release|Any CPU
		{9A377DF7-3E28-4B4B-8BD2-61416F7AEA1F}.XTC|iPhone.ActiveCfg = Release|Any CPU
		{9A377DF7-3E28-4B4B-8BD2-61416F7AEA1F}.XTC|iPhone.Build.0 = Release|Any CPU
		{9A377DF7-3E28-4B4B-8BD2-61416F7AEA1F}.XTC|iPhoneSimulator.ActiveCfg = Release|Any CPU
		{9A377DF7-3E28-4B4B-8BD2-61416F7AEA1F}.XTC|iPhoneSimulator.Build.0 = Release|Any CPU
		{9A377DF7-3E28-4B4B-8BD2-61416F7AEA1F}.XTC|x64.ActiveCfg = Release|Any CPU
		{9A377DF7-3E28-4B4B-8BD2-61416F7AEA1F}.XTC|x64.Build.0 = Release|Any CPU
		{9A377DF7-3E28-4B4B-8BD2-61416F7AEA1F}.XTC|x86.ActiveCfg = Release|Any CPU
		{9A377DF7-3E28-4B4B-8BD2-61416F7AEA1F}.XTC|x86.Build.0 = Release|Any CPU
		{8B136D60-8E68-4871-BF25-52E27C61E8E9}.AppStore|Any CPU.ActiveCfg = AppStore|Any CPU
		{8B136D60-8E68-4871-BF25-52E27C61E8E9}.AppStore|Any CPU.Build.0 = AppStore|Any CPU
		{8B136D60-8E68-4871-BF25-52E27C61E8E9}.AppStore|ARM.ActiveCfg = AppStore|Any CPU
		{8B136D60-8E68-4871-BF25-52E27C61E8E9}.AppStore|ARM.Build.0 = AppStore|Any CPU
		{8B136D60-8E68-4871-BF25-52E27C61E8E9}.AppStore|iPhone.ActiveCfg = AppStore|Any CPU
		{8B136D60-8E68-4871-BF25-52E27C61E8E9}.AppStore|iPhone.Build.0 = AppStore|Any CPU
		{8B136D60-8E68-4871-BF25-52E27C61E8E9}.AppStore|iPhoneSimulator.ActiveCfg = AppStore|Any CPU
		{8B136D60-8E68-4871-BF25-52E27C61E8E9}.AppStore|iPhoneSimulator.Build.0 = AppStore|Any CPU
		{8B136D60-8E68-4871-BF25-52E27C61E8E9}.AppStore|x64.ActiveCfg = AppStore|Any CPU
		{8B136D60-8E68-4871-BF25-52E27C61E8E9}.AppStore|x64.Build.0 = AppStore|Any CPU
		{8B136D60-8E68-4871-BF25-52E27C61E8E9}.AppStore|x86.ActiveCfg = AppStore|Any CPU
		{8B136D60-8E68-4871-BF25-52E27C61E8E9}.AppStore|x86.Build.0 = AppStore|Any CPU
		{8B136D60-8E68-4871-BF25-52E27C61E8E9}.Debug|Any CPU.ActiveCfg = Debug|Any CPU
		{8B136D60-8E68-4871-BF25-52E27C61E8E9}.Debug|Any CPU.Build.0 = Debug|Any CPU
		{8B136D60-8E68-4871-BF25-52E27C61E8E9}.Debug|ARM.ActiveCfg = Debug|Any CPU
		{8B136D60-8E68-4871-BF25-52E27C61E8E9}.Debug|ARM.Build.0 = Debug|Any CPU
		{8B136D60-8E68-4871-BF25-52E27C61E8E9}.Debug|iPhone.ActiveCfg = Debug|Any CPU
		{8B136D60-8E68-4871-BF25-52E27C61E8E9}.Debug|iPhone.Build.0 = Debug|Any CPU
		{8B136D60-8E68-4871-BF25-52E27C61E8E9}.Debug|iPhoneSimulator.ActiveCfg = Debug|Any CPU
		{8B136D60-8E68-4871-BF25-52E27C61E8E9}.Debug|iPhoneSimulator.Build.0 = Debug|Any CPU
		{8B136D60-8E68-4871-BF25-52E27C61E8E9}.Debug|x64.ActiveCfg = Debug|Any CPU
		{8B136D60-8E68-4871-BF25-52E27C61E8E9}.Debug|x64.Build.0 = Debug|Any CPU
		{8B136D60-8E68-4871-BF25-52E27C61E8E9}.Debug|x86.ActiveCfg = Debug|Any CPU
		{8B136D60-8E68-4871-BF25-52E27C61E8E9}.Debug|x86.Build.0 = Debug|Any CPU
		{8B136D60-8E68-4871-BF25-52E27C61E8E9}.Release|Any CPU.ActiveCfg = Release|Any CPU
		{8B136D60-8E68-4871-BF25-52E27C61E8E9}.Release|Any CPU.Build.0 = Release|Any CPU
		{8B136D60-8E68-4871-BF25-52E27C61E8E9}.Release|ARM.ActiveCfg = Release|Any CPU
		{8B136D60-8E68-4871-BF25-52E27C61E8E9}.Release|ARM.Build.0 = Release|Any CPU
		{8B136D60-8E68-4871-BF25-52E27C61E8E9}.Release|iPhone.ActiveCfg = Release|Any CPU
		{8B136D60-8E68-4871-BF25-52E27C61E8E9}.Release|iPhone.Build.0 = Release|Any CPU
		{8B136D60-8E68-4871-BF25-52E27C61E8E9}.Release|iPhoneSimulator.ActiveCfg = Release|Any CPU
		{8B136D60-8E68-4871-BF25-52E27C61E8E9}.Release|iPhoneSimulator.Build.0 = Release|Any CPU
		{8B136D60-8E68-4871-BF25-52E27C61E8E9}.Release|x64.ActiveCfg = Release|Any CPU
		{8B136D60-8E68-4871-BF25-52E27C61E8E9}.Release|x64.Build.0 = Release|Any CPU
		{8B136D60-8E68-4871-BF25-52E27C61E8E9}.Release|x86.ActiveCfg = Release|Any CPU
		{8B136D60-8E68-4871-BF25-52E27C61E8E9}.Release|x86.Build.0 = Release|Any CPU
		{8B136D60-8E68-4871-BF25-52E27C61E8E9}.XTC|Any CPU.ActiveCfg = XTC|Any CPU
		{8B136D60-8E68-4871-BF25-52E27C61E8E9}.XTC|Any CPU.Build.0 = XTC|Any CPU
		{8B136D60-8E68-4871-BF25-52E27C61E8E9}.XTC|ARM.ActiveCfg = XTC|Any CPU
		{8B136D60-8E68-4871-BF25-52E27C61E8E9}.XTC|ARM.Build.0 = XTC|Any CPU
		{8B136D60-8E68-4871-BF25-52E27C61E8E9}.XTC|iPhone.ActiveCfg = XTC|Any CPU
		{8B136D60-8E68-4871-BF25-52E27C61E8E9}.XTC|iPhone.Build.0 = XTC|Any CPU
		{8B136D60-8E68-4871-BF25-52E27C61E8E9}.XTC|iPhoneSimulator.ActiveCfg = XTC|Any CPU
		{8B136D60-8E68-4871-BF25-52E27C61E8E9}.XTC|iPhoneSimulator.Build.0 = XTC|Any CPU
		{8B136D60-8E68-4871-BF25-52E27C61E8E9}.XTC|x64.ActiveCfg = XTC|Any CPU
		{8B136D60-8E68-4871-BF25-52E27C61E8E9}.XTC|x64.Build.0 = XTC|Any CPU
		{8B136D60-8E68-4871-BF25-52E27C61E8E9}.XTC|x86.ActiveCfg = XTC|Any CPU
		{8B136D60-8E68-4871-BF25-52E27C61E8E9}.XTC|x86.Build.0 = XTC|Any CPU
		{812692D4-C638-4FD1-AEA7-407824B134A6}.AppStore|Any CPU.ActiveCfg = XTC|Any CPU
		{812692D4-C638-4FD1-AEA7-407824B134A6}.AppStore|Any CPU.Build.0 = XTC|Any CPU
		{812692D4-C638-4FD1-AEA7-407824B134A6}.AppStore|ARM.ActiveCfg = XTC|ARM
		{812692D4-C638-4FD1-AEA7-407824B134A6}.AppStore|ARM.Build.0 = XTC|ARM
		{812692D4-C638-4FD1-AEA7-407824B134A6}.AppStore|iPhone.ActiveCfg = XTC|Any CPU
		{812692D4-C638-4FD1-AEA7-407824B134A6}.AppStore|iPhone.Build.0 = XTC|Any CPU
		{812692D4-C638-4FD1-AEA7-407824B134A6}.AppStore|iPhoneSimulator.ActiveCfg = XTC|Any CPU
		{812692D4-C638-4FD1-AEA7-407824B134A6}.AppStore|iPhoneSimulator.Build.0 = XTC|Any CPU
		{812692D4-C638-4FD1-AEA7-407824B134A6}.AppStore|x64.ActiveCfg = XTC|x64
		{812692D4-C638-4FD1-AEA7-407824B134A6}.AppStore|x64.Build.0 = XTC|x64
		{812692D4-C638-4FD1-AEA7-407824B134A6}.AppStore|x86.ActiveCfg = XTC|x86
		{812692D4-C638-4FD1-AEA7-407824B134A6}.AppStore|x86.Build.0 = XTC|x86
		{812692D4-C638-4FD1-AEA7-407824B134A6}.Debug|Any CPU.ActiveCfg = Debug|Any CPU
		{812692D4-C638-4FD1-AEA7-407824B134A6}.Debug|Any CPU.Build.0 = Debug|Any CPU
		{812692D4-C638-4FD1-AEA7-407824B134A6}.Debug|ARM.ActiveCfg = Debug|ARM
		{812692D4-C638-4FD1-AEA7-407824B134A6}.Debug|ARM.Build.0 = Debug|ARM
		{812692D4-C638-4FD1-AEA7-407824B134A6}.Debug|iPhone.ActiveCfg = Debug|Any CPU
		{812692D4-C638-4FD1-AEA7-407824B134A6}.Debug|iPhone.Build.0 = Debug|Any CPU
		{812692D4-C638-4FD1-AEA7-407824B134A6}.Debug|iPhoneSimulator.ActiveCfg = Debug|Any CPU
		{812692D4-C638-4FD1-AEA7-407824B134A6}.Debug|iPhoneSimulator.Build.0 = Debug|Any CPU
		{812692D4-C638-4FD1-AEA7-407824B134A6}.Debug|x64.ActiveCfg = Debug|x64
		{812692D4-C638-4FD1-AEA7-407824B134A6}.Debug|x64.Build.0 = Debug|x64
		{812692D4-C638-4FD1-AEA7-407824B134A6}.Debug|x86.ActiveCfg = Debug|x86
		{812692D4-C638-4FD1-AEA7-407824B134A6}.Debug|x86.Build.0 = Debug|x86
		{812692D4-C638-4FD1-AEA7-407824B134A6}.Release|Any CPU.ActiveCfg = Release|Any CPU
		{812692D4-C638-4FD1-AEA7-407824B134A6}.Release|Any CPU.Build.0 = Release|Any CPU
		{812692D4-C638-4FD1-AEA7-407824B134A6}.Release|ARM.ActiveCfg = Release|ARM
		{812692D4-C638-4FD1-AEA7-407824B134A6}.Release|ARM.Build.0 = Release|ARM
		{812692D4-C638-4FD1-AEA7-407824B134A6}.Release|iPhone.ActiveCfg = Release|Any CPU
		{812692D4-C638-4FD1-AEA7-407824B134A6}.Release|iPhone.Build.0 = Release|Any CPU
		{812692D4-C638-4FD1-AEA7-407824B134A6}.Release|iPhoneSimulator.ActiveCfg = Release|Any CPU
		{812692D4-C638-4FD1-AEA7-407824B134A6}.Release|iPhoneSimulator.Build.0 = Release|Any CPU
		{812692D4-C638-4FD1-AEA7-407824B134A6}.Release|x64.ActiveCfg = Release|x64
		{812692D4-C638-4FD1-AEA7-407824B134A6}.Release|x64.Build.0 = Release|x64
		{812692D4-C638-4FD1-AEA7-407824B134A6}.Release|x86.ActiveCfg = Release|x86
		{812692D4-C638-4FD1-AEA7-407824B134A6}.Release|x86.Build.0 = Release|x86
		{812692D4-C638-4FD1-AEA7-407824B134A6}.XTC|Any CPU.ActiveCfg = XTC|Any CPU
		{812692D4-C638-4FD1-AEA7-407824B134A6}.XTC|Any CPU.Build.0 = XTC|Any CPU
		{812692D4-C638-4FD1-AEA7-407824B134A6}.XTC|ARM.ActiveCfg = XTC|ARM
		{812692D4-C638-4FD1-AEA7-407824B134A6}.XTC|ARM.Build.0 = XTC|ARM
		{812692D4-C638-4FD1-AEA7-407824B134A6}.XTC|iPhone.ActiveCfg = XTC|Any CPU
		{812692D4-C638-4FD1-AEA7-407824B134A6}.XTC|iPhone.Build.0 = XTC|Any CPU
		{812692D4-C638-4FD1-AEA7-407824B134A6}.XTC|iPhoneSimulator.ActiveCfg = XTC|Any CPU
		{812692D4-C638-4FD1-AEA7-407824B134A6}.XTC|iPhoneSimulator.Build.0 = XTC|Any CPU
		{812692D4-C638-4FD1-AEA7-407824B134A6}.XTC|x64.ActiveCfg = XTC|x64
		{812692D4-C638-4FD1-AEA7-407824B134A6}.XTC|x64.Build.0 = XTC|x64
		{812692D4-C638-4FD1-AEA7-407824B134A6}.XTC|x86.ActiveCfg = XTC|x86
		{812692D4-C638-4FD1-AEA7-407824B134A6}.XTC|x86.Build.0 = XTC|x86
		{7A88DA9B-A374-4DE2-B46E-ED2C45434508}.AppStore|Any CPU.ActiveCfg = XTC|Any CPU
		{7A88DA9B-A374-4DE2-B46E-ED2C45434508}.AppStore|Any CPU.Build.0 = XTC|Any CPU
		{7A88DA9B-A374-4DE2-B46E-ED2C45434508}.AppStore|ARM.ActiveCfg = XTC|Any CPU
		{7A88DA9B-A374-4DE2-B46E-ED2C45434508}.AppStore|ARM.Build.0 = XTC|Any CPU
		{7A88DA9B-A374-4DE2-B46E-ED2C45434508}.AppStore|iPhone.ActiveCfg = XTC|Any CPU
		{7A88DA9B-A374-4DE2-B46E-ED2C45434508}.AppStore|iPhone.Build.0 = XTC|Any CPU
		{7A88DA9B-A374-4DE2-B46E-ED2C45434508}.AppStore|iPhoneSimulator.ActiveCfg = XTC|Any CPU
		{7A88DA9B-A374-4DE2-B46E-ED2C45434508}.AppStore|iPhoneSimulator.Build.0 = XTC|Any CPU
		{7A88DA9B-A374-4DE2-B46E-ED2C45434508}.AppStore|x64.ActiveCfg = XTC|Any CPU
		{7A88DA9B-A374-4DE2-B46E-ED2C45434508}.AppStore|x64.Build.0 = XTC|Any CPU
		{7A88DA9B-A374-4DE2-B46E-ED2C45434508}.AppStore|x86.ActiveCfg = XTC|Any CPU
		{7A88DA9B-A374-4DE2-B46E-ED2C45434508}.AppStore|x86.Build.0 = XTC|Any CPU
		{7A88DA9B-A374-4DE2-B46E-ED2C45434508}.Debug|Any CPU.ActiveCfg = Debug|Any CPU
		{7A88DA9B-A374-4DE2-B46E-ED2C45434508}.Debug|Any CPU.Build.0 = Debug|Any CPU
		{7A88DA9B-A374-4DE2-B46E-ED2C45434508}.Debug|ARM.ActiveCfg = Debug|Any CPU
		{7A88DA9B-A374-4DE2-B46E-ED2C45434508}.Debug|ARM.Build.0 = Debug|Any CPU
		{7A88DA9B-A374-4DE2-B46E-ED2C45434508}.Debug|iPhone.ActiveCfg = Debug|Any CPU
		{7A88DA9B-A374-4DE2-B46E-ED2C45434508}.Debug|iPhone.Build.0 = Debug|Any CPU
		{7A88DA9B-A374-4DE2-B46E-ED2C45434508}.Debug|iPhoneSimulator.ActiveCfg = Debug|Any CPU
		{7A88DA9B-A374-4DE2-B46E-ED2C45434508}.Debug|iPhoneSimulator.Build.0 = Debug|Any CPU
		{7A88DA9B-A374-4DE2-B46E-ED2C45434508}.Debug|x64.ActiveCfg = Debug|Any CPU
		{7A88DA9B-A374-4DE2-B46E-ED2C45434508}.Debug|x64.Build.0 = Debug|Any CPU
		{7A88DA9B-A374-4DE2-B46E-ED2C45434508}.Debug|x86.ActiveCfg = Debug|Any CPU
		{7A88DA9B-A374-4DE2-B46E-ED2C45434508}.Debug|x86.Build.0 = Debug|Any CPU
		{7A88DA9B-A374-4DE2-B46E-ED2C45434508}.Release|Any CPU.ActiveCfg = Release|Any CPU
		{7A88DA9B-A374-4DE2-B46E-ED2C45434508}.Release|Any CPU.Build.0 = Release|Any CPU
		{7A88DA9B-A374-4DE2-B46E-ED2C45434508}.Release|ARM.ActiveCfg = Release|Any CPU
		{7A88DA9B-A374-4DE2-B46E-ED2C45434508}.Release|ARM.Build.0 = Release|Any CPU
		{7A88DA9B-A374-4DE2-B46E-ED2C45434508}.Release|iPhone.ActiveCfg = Release|Any CPU
		{7A88DA9B-A374-4DE2-B46E-ED2C45434508}.Release|iPhone.Build.0 = Release|Any CPU
		{7A88DA9B-A374-4DE2-B46E-ED2C45434508}.Release|iPhoneSimulator.ActiveCfg = Release|Any CPU
		{7A88DA9B-A374-4DE2-B46E-ED2C45434508}.Release|iPhoneSimulator.Build.0 = Release|Any CPU
		{7A88DA9B-A374-4DE2-B46E-ED2C45434508}.Release|x64.ActiveCfg = Release|Any CPU
		{7A88DA9B-A374-4DE2-B46E-ED2C45434508}.Release|x64.Build.0 = Release|Any CPU
		{7A88DA9B-A374-4DE2-B46E-ED2C45434508}.Release|x86.ActiveCfg = Release|Any CPU
		{7A88DA9B-A374-4DE2-B46E-ED2C45434508}.Release|x86.Build.0 = Release|Any CPU
		{7A88DA9B-A374-4DE2-B46E-ED2C45434508}.XTC|Any CPU.ActiveCfg = XTC|Any CPU
		{7A88DA9B-A374-4DE2-B46E-ED2C45434508}.XTC|Any CPU.Build.0 = XTC|Any CPU
		{7A88DA9B-A374-4DE2-B46E-ED2C45434508}.XTC|ARM.ActiveCfg = XTC|Any CPU
		{7A88DA9B-A374-4DE2-B46E-ED2C45434508}.XTC|ARM.Build.0 = XTC|Any CPU
		{7A88DA9B-A374-4DE2-B46E-ED2C45434508}.XTC|iPhone.ActiveCfg = XTC|Any CPU
		{7A88DA9B-A374-4DE2-B46E-ED2C45434508}.XTC|iPhone.Build.0 = XTC|Any CPU
		{7A88DA9B-A374-4DE2-B46E-ED2C45434508}.XTC|iPhoneSimulator.ActiveCfg = XTC|Any CPU
		{7A88DA9B-A374-4DE2-B46E-ED2C45434508}.XTC|iPhoneSimulator.Build.0 = XTC|Any CPU
		{7A88DA9B-A374-4DE2-B46E-ED2C45434508}.XTC|x64.ActiveCfg = XTC|Any CPU
		{7A88DA9B-A374-4DE2-B46E-ED2C45434508}.XTC|x64.Build.0 = XTC|Any CPU
		{7A88DA9B-A374-4DE2-B46E-ED2C45434508}.XTC|x86.ActiveCfg = XTC|Any CPU
		{7A88DA9B-A374-4DE2-B46E-ED2C45434508}.XTC|x86.Build.0 = XTC|Any CPU
		{DFDCE918-93B5-4FF5-B7D0-2F1C4BAAE4EB}.AppStore|Any CPU.ActiveCfg = Release|x64
		{DFDCE918-93B5-4FF5-B7D0-2F1C4BAAE4EB}.AppStore|Any CPU.Build.0 = Release|x64
		{DFDCE918-93B5-4FF5-B7D0-2F1C4BAAE4EB}.AppStore|Any CPU.Deploy.0 = Release|x64
		{DFDCE918-93B5-4FF5-B7D0-2F1C4BAAE4EB}.AppStore|ARM.ActiveCfg = Release|ARM
		{DFDCE918-93B5-4FF5-B7D0-2F1C4BAAE4EB}.AppStore|ARM.Build.0 = Release|ARM
		{DFDCE918-93B5-4FF5-B7D0-2F1C4BAAE4EB}.AppStore|ARM.Deploy.0 = Release|ARM
		{DFDCE918-93B5-4FF5-B7D0-2F1C4BAAE4EB}.AppStore|iPhone.ActiveCfg = Release|x64
		{DFDCE918-93B5-4FF5-B7D0-2F1C4BAAE4EB}.AppStore|iPhone.Build.0 = Release|x64
		{DFDCE918-93B5-4FF5-B7D0-2F1C4BAAE4EB}.AppStore|iPhone.Deploy.0 = Release|x64
		{DFDCE918-93B5-4FF5-B7D0-2F1C4BAAE4EB}.AppStore|iPhoneSimulator.ActiveCfg = Release|x64
		{DFDCE918-93B5-4FF5-B7D0-2F1C4BAAE4EB}.AppStore|iPhoneSimulator.Build.0 = Release|x64
		{DFDCE918-93B5-4FF5-B7D0-2F1C4BAAE4EB}.AppStore|iPhoneSimulator.Deploy.0 = Release|x64
		{DFDCE918-93B5-4FF5-B7D0-2F1C4BAAE4EB}.AppStore|x64.ActiveCfg = Release|x64
		{DFDCE918-93B5-4FF5-B7D0-2F1C4BAAE4EB}.AppStore|x64.Build.0 = Release|x64
		{DFDCE918-93B5-4FF5-B7D0-2F1C4BAAE4EB}.AppStore|x64.Deploy.0 = Release|x64
		{DFDCE918-93B5-4FF5-B7D0-2F1C4BAAE4EB}.AppStore|x86.ActiveCfg = Release|x86
		{DFDCE918-93B5-4FF5-B7D0-2F1C4BAAE4EB}.AppStore|x86.Build.0 = Release|x86
		{DFDCE918-93B5-4FF5-B7D0-2F1C4BAAE4EB}.AppStore|x86.Deploy.0 = Release|x86
		{DFDCE918-93B5-4FF5-B7D0-2F1C4BAAE4EB}.Debug|Any CPU.ActiveCfg = Debug|x86
		{DFDCE918-93B5-4FF5-B7D0-2F1C4BAAE4EB}.Debug|ARM.ActiveCfg = Debug|ARM
		{DFDCE918-93B5-4FF5-B7D0-2F1C4BAAE4EB}.Debug|ARM.Build.0 = Debug|ARM
		{DFDCE918-93B5-4FF5-B7D0-2F1C4BAAE4EB}.Debug|ARM.Deploy.0 = Debug|ARM
		{DFDCE918-93B5-4FF5-B7D0-2F1C4BAAE4EB}.Debug|iPhone.ActiveCfg = Debug|x86
		{DFDCE918-93B5-4FF5-B7D0-2F1C4BAAE4EB}.Debug|iPhoneSimulator.ActiveCfg = Debug|x86
		{DFDCE918-93B5-4FF5-B7D0-2F1C4BAAE4EB}.Debug|x64.ActiveCfg = Debug|x64
		{DFDCE918-93B5-4FF5-B7D0-2F1C4BAAE4EB}.Debug|x64.Build.0 = Debug|x64
		{DFDCE918-93B5-4FF5-B7D0-2F1C4BAAE4EB}.Debug|x64.Deploy.0 = Debug|x64
		{DFDCE918-93B5-4FF5-B7D0-2F1C4BAAE4EB}.Debug|x86.ActiveCfg = Debug|x86
		{DFDCE918-93B5-4FF5-B7D0-2F1C4BAAE4EB}.Debug|x86.Build.0 = Debug|x86
		{DFDCE918-93B5-4FF5-B7D0-2F1C4BAAE4EB}.Debug|x86.Deploy.0 = Debug|x86
		{DFDCE918-93B5-4FF5-B7D0-2F1C4BAAE4EB}.Release|Any CPU.ActiveCfg = Release|x86
		{DFDCE918-93B5-4FF5-B7D0-2F1C4BAAE4EB}.Release|ARM.ActiveCfg = Release|ARM
		{DFDCE918-93B5-4FF5-B7D0-2F1C4BAAE4EB}.Release|ARM.Build.0 = Release|ARM
		{DFDCE918-93B5-4FF5-B7D0-2F1C4BAAE4EB}.Release|ARM.Deploy.0 = Release|ARM
		{DFDCE918-93B5-4FF5-B7D0-2F1C4BAAE4EB}.Release|iPhone.ActiveCfg = Release|x86
		{DFDCE918-93B5-4FF5-B7D0-2F1C4BAAE4EB}.Release|iPhoneSimulator.ActiveCfg = Release|x86
		{DFDCE918-93B5-4FF5-B7D0-2F1C4BAAE4EB}.Release|x64.ActiveCfg = Release|x64
		{DFDCE918-93B5-4FF5-B7D0-2F1C4BAAE4EB}.Release|x64.Build.0 = Release|x64
		{DFDCE918-93B5-4FF5-B7D0-2F1C4BAAE4EB}.Release|x64.Deploy.0 = Release|x64
		{DFDCE918-93B5-4FF5-B7D0-2F1C4BAAE4EB}.Release|x86.ActiveCfg = Release|x86
		{DFDCE918-93B5-4FF5-B7D0-2F1C4BAAE4EB}.Release|x86.Build.0 = Release|x86
		{DFDCE918-93B5-4FF5-B7D0-2F1C4BAAE4EB}.Release|x86.Deploy.0 = Release|x86
		{DFDCE918-93B5-4FF5-B7D0-2F1C4BAAE4EB}.XTC|Any CPU.ActiveCfg = Release|x64
		{DFDCE918-93B5-4FF5-B7D0-2F1C4BAAE4EB}.XTC|Any CPU.Build.0 = Release|x64
		{DFDCE918-93B5-4FF5-B7D0-2F1C4BAAE4EB}.XTC|Any CPU.Deploy.0 = Release|x64
		{DFDCE918-93B5-4FF5-B7D0-2F1C4BAAE4EB}.XTC|ARM.ActiveCfg = Release|ARM
		{DFDCE918-93B5-4FF5-B7D0-2F1C4BAAE4EB}.XTC|ARM.Build.0 = Release|ARM
		{DFDCE918-93B5-4FF5-B7D0-2F1C4BAAE4EB}.XTC|ARM.Deploy.0 = Release|ARM
		{DFDCE918-93B5-4FF5-B7D0-2F1C4BAAE4EB}.XTC|iPhone.ActiveCfg = Release|x64
		{DFDCE918-93B5-4FF5-B7D0-2F1C4BAAE4EB}.XTC|iPhone.Build.0 = Release|x64
		{DFDCE918-93B5-4FF5-B7D0-2F1C4BAAE4EB}.XTC|iPhone.Deploy.0 = Release|x64
		{DFDCE918-93B5-4FF5-B7D0-2F1C4BAAE4EB}.XTC|iPhoneSimulator.ActiveCfg = Release|x64
		{DFDCE918-93B5-4FF5-B7D0-2F1C4BAAE4EB}.XTC|iPhoneSimulator.Build.0 = Release|x64
		{DFDCE918-93B5-4FF5-B7D0-2F1C4BAAE4EB}.XTC|iPhoneSimulator.Deploy.0 = Release|x64
		{DFDCE918-93B5-4FF5-B7D0-2F1C4BAAE4EB}.XTC|x64.ActiveCfg = Release|x64
		{DFDCE918-93B5-4FF5-B7D0-2F1C4BAAE4EB}.XTC|x64.Build.0 = Release|x64
		{DFDCE918-93B5-4FF5-B7D0-2F1C4BAAE4EB}.XTC|x64.Deploy.0 = Release|x64
		{DFDCE918-93B5-4FF5-B7D0-2F1C4BAAE4EB}.XTC|x86.ActiveCfg = Release|x86
		{DFDCE918-93B5-4FF5-B7D0-2F1C4BAAE4EB}.XTC|x86.Build.0 = Release|x86
		{DFDCE918-93B5-4FF5-B7D0-2F1C4BAAE4EB}.XTC|x86.Deploy.0 = Release|x86
	EndGlobalSection
	GlobalSection(SolutionProperties) = preSolution
		HideSolutionNode = FALSE
	EndGlobalSection
	GlobalSection(NestedProjects) = preSolution
		{9A377DF7-3E28-4B4B-8BD2-61416F7AEA1F} = {96839099-3EDB-4DC3-BF9D-7247F88B5605}
		{8B136D60-8E68-4871-BF25-52E27C61E8E9} = {96839099-3EDB-4DC3-BF9D-7247F88B5605}
		{812692D4-C638-4FD1-AEA7-407824B134A6} = {96839099-3EDB-4DC3-BF9D-7247F88B5605}
		{7A88DA9B-A374-4DE2-B46E-ED2C45434508} = {96839099-3EDB-4DC3-BF9D-7247F88B5605}
	EndGlobalSection
EndGlobal
